
Microsoft Visual Studio Solution File, Format Version 12.00
# Visual Studio Version 17
VisualStudioVersion = 17.4.33213.308
MinimumVisualStudioVersion = 10.0.40219.1
Project("{FAE04EC0-301F-11D3-BF4B-00C04F79EFBC}") = "login", "login.csproj", "{64BC96BF-72B8-448C-914E-DA9B2C4045CD}"
EndProject
Global
	GlobalSection(SolutionConfigurationPlatforms) = preSolution
		Debug|Any CPU = Debug|Any CPU
		Release|Any CPU = Release|Any CPU
	EndGlobalSection
	GlobalSection(ProjectConfigurationPlatforms) = postSolution
		{64BC96BF-72B8-448C-914E-DA9B2C4045CD}.Debug|Any CPU.ActiveCfg = Debug|Any CPU
		{64BC96BF-72B8-448C-914E-DA9B2C4045CD}.Debug|Any CPU.Build.0 = Debug|Any CPU
		{64BC96BF-72B8-448C-914E-DA9B2C4045CD}.Release|Any CPU.ActiveCfg = Release|Any CPU
		{64BC96BF-72B8-448C-914E-DA9B2C4045CD}.Release|Any CPU.Build.0 = Release|Any CPU
	EndGlobalSection
	GlobalSection(SolutionProperties) = preSolution
		HideSolutionNode = FALSE
	EndGlobalSection
	GlobalSection(ExtensibilityGlobals) = postSolution
		SolutionGuid = {B7820A5A-A70D-4C8F-B672-E9A965510935}
	EndGlobalSection
EndGlobal
